lockfileVersion: '9.0'

settings:
  autoInstallPeers: true
  excludeLinksFromLockfile: false

importers:

  .: {}

  apps/desktop:
    dependencies:
      '@promptbook/shared':
        specifier: workspace:*
        version: link:../../packages/shared

  packages/shared:
    dependencies:
      zod:
        specifier: workspace:*
        version: link:../zod

  packages/zod: {}
