lockfileVersion: '9.0'

settings:
  autoInstallPeers: true
  excludeLinksFromLockfile: false

importers:

  .:
    devDependencies:
      yaml:
        specifier: ^2.8.2
        version: 2.8.2

packages:

  yaml@2.8.2:
    resolution: {integrity: sha512-mplynKqc1C2hTVYxd0PU2xQAc22TI1vShAYGksCCfxbn/dFwnHTNi1bvYsBTkhdUNtGIf5xNOg938rrSSYvS9A==}
    engines: {node: '>= 14.6'}
    hasBin: true

snapshots:

  yaml@2.8.2: {}
